# THIS IS AN AUTOGENERATED FILE. DO NOT EDIT THIS FILE DIRECTLY.
# yarn lockfile v1


"@apollo/react-common@^3.0.1":
  version "3.0.1"
  resolved "https://registry.yarnpkg.com/@apollo/react-common/-/react-common-3.0.1.tgz#9c8f1433ddaddf80e471259126a76f1738dd4273"
  integrity sha512-7SC4qqPFo/41AhaQKCRovIshKkm4JLEGXyRHi+NPsaNJyk2J/HrWREnlHVqoPzYeIyq33f1L6j/NAkKn1NOnnQ==
  dependencies:
    ts-invariant "^0.4.4"
    tslib "^1.10.0"

"@apollo/react-hooks@^3.0.1":
  version "3.0.1"
  resolved "https://registry.yarnpkg.com/@apollo/react-hooks/-/react-hooks-3.0.1.tgz#83869beddcbb06cba05d50ccf05097191d245a9c"
  integrity sha512-Boai/T+2z3m23Gy82m1pB+FOlrhkBJ//EIYa3pqX9sUsvgRWMKC+3NxpeHEUYqsf0qzFiM1dO4Pn9OxCFstM8g==
  dependencies:
    "@apollo/react-common" "^3.0.1"
    "@wry/equality" "^0.1.9"
    ts-invariant "^0.4.4"
    tslib "^1.10.0"

"@wry/equality@^0.1.9":
  version "0.1.9"
  resolved "https://registry.yarnpkg.com/@wry/equality/-/equality-0.1.9.tgz#b13e18b7a8053c6858aa6c85b54911fb31e3a909"
  integrity sha512-mB6ceGjpMGz1ZTza8HYnrPGos2mC6So4NhS1PtZ8s4Qt0K7fBiIGhpSxUbQmhwcSWE3no+bYxmI2OL6KuXYmoQ==
  dependencies:
    tslib "^1.9.3"

ts-invariant@^0.4.4:
  version "0.4.4"
  resolved "https://registry.yarnpkg.com/ts-invariant/-/ts-invariant-0.4.4.tgz#97a523518688f93aafad01b0e80eb803eb2abd86"
  integrity sha512-uEtWkFM/sdZvRNNDL3Ehu4WVpwaulhwQszV8mrtcdeE8nN00BV9mAmQ88RkrBhFgl9gMgvjJLAQcZbnPXI9mlA==
  dependencies:
    tslib "^1.9.3"

tslib@^1.10.0, tslib@^1.9.3:
  version "1.10.0"
  resolved "https://registry.yarnpkg.com/tslib/-/tslib-1.10.0.tgz#c3c19f95973fb0a62973fb09d90d961ee43e5c8a"
  integrity sha512-qOebF53frne81cf0S9B41ByenJ3/IuH8yJKngAX35CmiZySA0khhkovshKK+jGCaMnVomla7gVlIcc3EvKPbTQ==
